// !$*UTF8*$!
{
	archiveVersion = 1;
	classes = {
	};
	objectVersion = 56;
	objects = {

/* Begin PBXBuildFile section */
		247DDE9A2B0E3B0500BDDCEC /* Cipher_ChaseApp.swift in Sources */ = {isa = PBXBuildFile; fileRef = 247DDE992B0E3B0500BDDCEC /* Cipher_ChaseApp.swift */; };
		247DDE9C2B0E3B0500BDDCEC /* SplashScreen.swift in Sources */ = {isa = PBXBuildFile; fileRef = 247DDE9B2B0E3B0500BDDCEC /* SplashScreen.swift */; };
		247DDE9E2B0E3B0600BDDCEC /* Assets.xcassets in Resources */ = {isa = PBXBuildFile; fileRef = 247DDE9D2B0E3B0600BDDCEC /* Assets.xcassets */; };
		247DDEA12B0E3B0600BDDCEC /* Preview Assets.xcassets in Resources */ = {isa = PBXBuildFile; fileRef = 247DDEA02B0E3B0600BDDCEC /* Preview Assets.xcassets */; };
		247DDEAB2B0E3B0600BDDCEC /* Cipher_ChaseTests.swift in Sources */ = {isa = PBXBuildFile; fileRef = 247DDEAA2B0E3B0600BDDCEC /* Cipher_ChaseTests.swift */; };
		247DDEB52B0E3B0600BDDCEC /* Cipher_ChaseUITests.swift in Sources */ = {isa = PBXBuildFile; fileRef = 247DDEB42B0E3B0600BDDCEC /* Cipher_ChaseUITests.swift */; };
		247DDEB72B0E3B0600BDDCEC /* Cipher_ChaseUITestsLaunchTests.swift in Sources */ = {isa = PBXBuildFile; fileRef = 247DDEB62B0E3B0600BDDCEC /* Cipher_ChaseUITestsLaunchTests.swift */; };
		24A4C4002B123727006701A7 /* endScenario.swift in Sources */ = {isa = PBXBuildFile; fileRef = 24A4C3FF2B123727006701A7 /* endScenario.swift */; };
		24DA7A312B0EA5B400AB24EB /* PixelifySans-Bold.ttf in Resources */ = {isa = PBXBuildFile; fileRef = 24DA7A302B0EA5B400AB24EB /* PixelifySans-Bold.ttf */; };
		24DA7A322B0EA5B400AB24EB /* PixelifySans-Bold.ttf in Resources */ = {isa = PBXBuildFile; fileRef = 24DA7A302B0EA5B400AB24EB /* PixelifySans-Bold.ttf */; };
		24DA7A332B0EA5B400AB24EB /* PixelifySans-Bold.ttf in Resources */ = {isa = PBXBuildFile; fileRef = 24DA7A302B0EA5B400AB24EB /* PixelifySans-Bold.ttf */; };
		24DA7A362B0F7CDF00AB24EB /* logoStruct.swift in Sources */ = {isa = PBXBuildFile; fileRef = 24DA7A352B0F7CDF00AB24EB /* logoStruct.swift */; };
		24DA7A372B0F7CDF00AB24EB /* logoStruct.swift in Sources */ = {isa = PBXBuildFile; fileRef = 24DA7A352B0F7CDF00AB24EB /* logoStruct.swift */; };
		24DA7A382B0F7CDF00AB24EB /* logoStruct.swift in Sources */ = {isa = PBXBuildFile; fileRef = 24DA7A352B0F7CDF00AB24EB /* logoStruct.swift */; };
		24DA7A3B2B0F85A800AB24EB /* scenarioPageTask5.swift in Sources */ = {isa = PBXBuildFile; fileRef = 24DA7A3A2B0F85A800AB24EB /* scenarioPageTask5.swift */; };
		24DA7A902B10C53800AB24EB /* AnonymousPro-Regular.ttf in Resources */ = {isa = PBXBuildFile; fileRef = 24DA7A8F2B10C53800AB24EB /* AnonymousPro-Regular.ttf */; };
		24DA7A912B10C53800AB24EB /* AnonymousPro-Regular.ttf in Resources */ = {isa = PBXBuildFile; fileRef = 24DA7A8F2B10C53800AB24EB /* AnonymousPro-Regular.ttf */; };
		24DA7A922B10C53800AB24EB /* AnonymousPro-Regular.ttf in Resources */ = {isa = PBXBuildFile; fileRef = 24DA7A8F2B10C53800AB24EB /* AnonymousPro-Regular.ttf */; };
		24DA7A982B10D8FF00AB24EB /* PixelifySans-Regular.ttf in Resources */ = {isa = PBXBuildFile; fileRef = 24DA7A972B10D8FF00AB24EB /* PixelifySans-Regular.ttf */; };
		24DA7A992B10D8FF00AB24EB /* PixelifySans-Regular.ttf in Resources */ = {isa = PBXBuildFile; fileRef = 24DA7A972B10D8FF00AB24EB /* PixelifySans-Regular.ttf */; };
		24DA7A9A2B10D8FF00AB24EB /* PixelifySans-Regular.ttf in Resources */ = {isa = PBXBuildFile; fileRef = 24DA7A972B10D8FF00AB24EB /* PixelifySans-Regular.ttf */; };
		24E9DCAA2B114F84005E6D56 /* winTask5.swift in Sources */ = {isa = PBXBuildFile; fileRef = 24E9DCA92B114F84005E6D56 /* winTask5.swift */; };
		24E9DCAF2B119E93005E6D56 /* FLAnimatedImage in Frameworks */ = {isa = PBXBuildFile; productRef = 24E9DCAE2B119E93005E6D56 /* FLAnimatedImage */; };
		24E9DCB12B119EB3005E6D56 /* FLAnimatedImage in Frameworks */ = {isa = PBXBuildFile; productRef = 24E9DCB02B119EB3005E6D56 /* FLAnimatedImage */; };
		24E9DCB32B119EBF005E6D56 /* FLAnimatedImage in Frameworks */ = {isa = PBXBuildFile; productRef = 24E9DCB22B119EBF005E6D56 /* FLAnimatedImage */; };
		24E9DCC52B11B106005E6D56 /* phoenix.gif in Resources */ = {isa = PBXBuildFile; fileRef = 24E9DCC42B11B106005E6D56 /* phoenix.gif */; };
		24E9DCC62B11B106005E6D56 /* phoenix.gif in Resources */ = {isa = PBXBuildFile; fileRef = 24E9DCC42B11B106005E6D56 /* phoenix.gif */; };
		24E9DCC72B11B106005E6D56 /* phoenix.gif in Resources */ = {isa = PBXBuildFile; fileRef = 24E9DCC42B11B106005E6D56 /* phoenix.gif */; };
		24E9DCD72B11B5D4005E6D56 /* gifView.swift in Sources */ = {isa = PBXBuildFile; fileRef = 24E9DCD62B11B5D4005E6D56 /* gifView.swift */; };
		24E9DCDB2B11B87A005E6D56 /* sparkles.swift in Sources */ = {isa = PBXBuildFile; fileRef = 24E9DCDA2B11B87A005E6D56 /* sparkles.swift */; };
		24E9DCDC2B11B87A005E6D56 /* sparkles.swift in Sources */ = {isa = PBXBuildFile; fileRef = 24E9DCDA2B11B87A005E6D56 /* sparkles.swift */; };
		24E9DCDD2B11B87A005E6D56 /* sparkles.swift in Sources */ = {isa = PBXBuildFile; fileRef = 24E9DCDA2B11B87A005E6D56 /* sparkles.swift */; };
		B1B6E07A2B20A9D40029188E /* Senarios Amira.swift in Sources */ = {isa = PBXBuildFile; fileRef = B1B6E0792B20A9D40029188E /* Senarios Amira.swift */; };
		B1B6E07C2B20AA320029188E /* Task3.swift in Sources */ = {isa = PBXBuildFile; fileRef = B1B6E07B2B20AA320029188E /* Task3.swift */; };
		B1B6E0812B20AD860029188E /* MainPage.swift in Sources */ = {isa = PBXBuildFile; fileRef = B1B6E07D2B20AD860029188E /* MainPage.swift */; };
		B1B6E0822B20AD860029188E /* crosswordTask1.swift in Sources */ = {isa = PBXBuildFile; fileRef = B1B6E07E2B20AD860029188E /* crosswordTask1.swift */; };
		B1B6E0832B20AD860029188E /* scenarioPagesH.swift in Sources */ = {isa = PBXBuildFile; fileRef = B1B6E07F2B20AD860029188E /* scenarioPagesH.swift */; };
		B1B6E0842B20AD860029188E /* startPage.swift in Sources */ = {isa = PBXBuildFile; fileRef = B1B6E0802B20AD860029188E /* startPage.swift */; };
		B1B6E0882B20BDF30029188E /* scenario1.swift in Sources */ = {isa = PBXBuildFile; fileRef = B1B6E0852B20BDF30029188E /* scenario1.swift */; };
		B1B6E0892B20BDF30029188E /* task2.swift in Sources */ = {isa = PBXBuildFile; fileRef = B1B6E0862B20BDF30029188E /* task2.swift */; };
		B1B6E08A2B20BDF30029188E /* scenario2.swift in Sources */ = {isa = PBXBuildFile; fileRef = B1B6E0872B20BDF30029188E /* scenario2.swift */; };
		B1B6E08E2B20CB4C0029188E /* mahas_senarios.swift in Sources */ = {isa = PBXBuildFile; fileRef = B1B6E08B2B20CB4B0029188E /* mahas_senarios.swift */; };
		B1B6E08F2B20CB4C0029188E /* Qmaha.swift in Sources */ = {isa = PBXBuildFile; fileRef = B1B6E08C2B20CB4C0029188E /* Qmaha.swift */; };
		B1B6E0AA2B20F1CA0029188E /* crosswordStruct.swift in Sources */ = {isa = PBXBuildFile; fileRef = B1B6E0A32B20F1C90029188E /* crosswordStruct.swift */; };
		B1B6E0AB2B20F1CA0029188E /* frameStruct.swift in Sources */ = {isa = PBXBuildFile; fileRef = B1B6E0A42B20F1C90029188E /* frameStruct.swift */; };
		B1B6E0AC2B20F1CA0029188E /* customButton.swift in Sources */ = {isa = PBXBuildFile; fileRef = B1B6E0A52B20F1C90029188E /* customButton.swift */; };
		B1B6E0AD2B20F1CA0029188E /* taskTraceStruct.swift in Sources */ = {isa = PBXBuildFile; fileRef = B1B6E0A62B20F1C90029188E /* taskTraceStruct.swift */; };
		B1B6E0AE2B20F1CA0029188E /* winframeStruct.swift in Sources */ = {isa = PBXBuildFile; fileRef = B1B6E0A72B20F1CA0029188E /* winframeStruct.swift */; };
		B1B6E0AF2B20F1CA0029188E /* customAlert.swift in Sources */ = {isa = PBXBuildFile; fileRef = B1B6E0A82B20F1CA0029188E /* customAlert.swift */; };
		B1B6E0B02B20F1CA0029188E /* continuePage.swift in Sources */ = {isa = PBXBuildFile; fileRef = B1B6E0A92B20F1CA0029188E /* continuePage.swift */; };
		B1B6E0B22B20F1EB0029188E /* traceView.swift in Sources */ = {isa = PBXBuildFile; fileRef = B1B6E0B12B20F1EB0029188E /* traceView.swift */; };
		B1B6E0B42B20F2000029188E /* binaryConversion.swift in Sources */ = {isa = PBXBuildFile; fileRef = B1B6E0B32B20F2000029188E /* binaryConversion.swift */; };
		B1B6E0B62B20F7170029188E /* task4q.swift in Sources */ = {isa = PBXBuildFile; fileRef = B1B6E0B52B20F7170029188E /* task4q.swift */; };
		B1B6E0B82B20F94D0029188E /* AnonymousPro-Bold.ttf in Resources */ = {isa = PBXBuildFile; fileRef = B1B6E0B72B20F94D0029188E /* AnonymousPro-Bold.ttf */; };
/* End PBXBuildFile section */

/* Begin PBXContainerItemProxy section */
		247DDEA72B0E3B0600BDDCEC /* PBXContainerItemProxy */ = {
			isa = PBXContainerItemProxy;
			containerPortal = 247DDE8E2B0E3B0500BDDCEC /* Project object */;
			proxyType = 1;
			remoteGlobalIDString = 247DDE952B0E3B0500BDDCEC;
			remoteInfo = "Cipher Chase";
		};
		247DDEB12B0E3B0600BDDCEC /* PBXContainerItemProxy */ = {
			isa = PBXContainerItemProxy;
			containerPortal = 247DDE8E2B0E3B0500BDDCEC /* Project object */;
			proxyType = 1;
			remoteGlobalIDString = 247DDE952B0E3B0500BDDCEC;
			remoteInfo = "Cipher Chase";
		};
/* End PBXContainerItemProxy section */

/* Begin PBXFileReference section */
		247DDE962B0E3B0500BDDCEC /* Cipher Chase.app */ = {isa = PBXFileReference; explicitFileType = wrapper.application; includeInIndex = 0; path = "Cipher Chase.app"; sourceTree = BUILT_PRODUCTS_DIR; };
		247DDE992B0E3B0500BDDCEC /* Cipher_ChaseApp.swift */ = {isa = PBXFileReference; lastKnownFileType = sourcecode.swift; path = Cipher_ChaseApp.swift; sourceTree = "<group>"; };
		247DDE9B2B0E3B0500BDDCEC /* SplashScreen.swift */ = {isa = PBXFileReference; lastKnownFileType = sourcecode.swift; path = SplashScreen.swift; sourceTree = "<group>"; };
		247DDE9D2B0E3B0600BDDCEC /* Assets.xcassets */ = {isa = PBXFileReference; lastKnownFileType = folder.assetcatalog; path = Assets.xcassets; sourceTree = "<group>"; };
		247DDEA02B0E3B0600BDDCEC /* Preview Assets.xcassets */ = {isa = PBXFileReference; lastKnownFileType = folder.assetcatalog; path = "Preview Assets.xcassets"; sourceTree = "<group>"; };
		247DDEA62B0E3B0600BDDCEC /* Cipher ChaseTests.xctest */ = {isa = PBXFileReference; explicitFileType = wrapper.cfbundle; includeInIndex = 0; path = "Cipher ChaseTests.xctest"; sourceTree = BUILT_PRODUCTS_DIR; };
		247DDEAA2B0E3B0600BDDCEC /* Cipher_ChaseTests.swift */ = {isa = PBXFileReference; lastKnownFileType = sourcecode.swift; path = Cipher_ChaseTests.swift; sourceTree = "<group>"; };
		247DDEB02B0E3B0600BDDCEC /* Cipher ChaseUITests.xctest */ = {isa = PBXFileReference; explicitFileType = wrapper.cfbundle; includeInIndex = 0; path = "Cipher ChaseUITests.xctest"; sourceTree = BUILT_PRODUCTS_DIR; };
		247DDEB42B0E3B0600BDDCEC /* Cipher_ChaseUITests.swift */ = {isa = PBXFileReference; lastKnownFileType = sourcecode.swift; path = Cipher_ChaseUITests.swift; sourceTree = "<group>"; };
		247DDEB62B0E3B0600BDDCEC /* Cipher_ChaseUITestsLaunchTests.swift */ = {isa = PBXFileReference; lastKnownFileType = sourcecode.swift; path = Cipher_ChaseUITestsLaunchTests.swift; sourceTree = "<group>"; };
		24A4C3FF2B123727006701A7 /* endScenario.swift */ = {isa = PBXFileReference; lastKnownFileType = sourcecode.swift; path = endScenario.swift; sourceTree = "<group>"; };
		24DA7A302B0EA5B400AB24EB /* PixelifySans-Bold.ttf */ = {isa = PBXFileReference; lastKnownFileType = file; name = "PixelifySans-Bold.ttf"; path = "../../../Downloads/Pixelify_Sans/static/PixelifySans-Bold.ttf"; sourceTree = "<group>"; };
		24DA7A342B0EA6FF00AB24EB /* Cipher-Chase-Info.plist */ = {isa = PBXFileReference; lastKnownFileType = text.plist; path = "Cipher-Chase-Info.plist"; sourceTree = SOURCE_ROOT; };
		24DA7A352B0F7CDF00AB24EB /* logoStruct.swift */ = {isa = PBXFileReference; lastKnownFileType = sourcecode.swift; path = logoStruct.swift; sourceTree = "<group>"; };
		24DA7A3A2B0F85A800AB24EB /* scenarioPageTask5.swift */ = {isa = PBXFileReference; lastKnownFileType = sourcecode.swift; path = scenarioPageTask5.swift; sourceTree = "<group>"; };
		24DA7A8F2B10C53800AB24EB /* AnonymousPro-Regular.ttf */ = {isa = PBXFileReference; lastKnownFileType = file; name = "AnonymousPro-Regular.ttf"; path = "../../../Downloads/Anonymous_Pro/AnonymousPro-Regular.ttf"; sourceTree = "<group>"; };
		24DA7A972B10D8FF00AB24EB /* PixelifySans-Regular.ttf */ = {isa = PBXFileReference; lastKnownFileType = file; name = "PixelifySans-Regular.ttf"; path = "../../../Downloads/Pixelify_Sans/static/PixelifySans-Regular.ttf"; sourceTree = "<group>"; };
		24E9DCA92B114F84005E6D56 /* winTask5.swift */ = {isa = PBXFileReference; lastKnownFileType = sourcecode.swift; path = winTask5.swift; sourceTree = "<group>"; };
		24E9DCC42B11B106005E6D56 /* phoenix.gif */ = {isa = PBXFileReference; lastKnownFileType = image.gif; name = phoenix.gif; path = ../../Downloads/phoenix.gif; sourceTree = "<group>"; };
		24E9DCD62B11B5D4005E6D56 /* gifView.swift */ = {isa = PBXFileReference; lastKnownFileType = sourcecode.swift; path = gifView.swift; sourceTree = "<group>"; };
		24E9DCDA2B11B87A005E6D56 /* sparkles.swift */ = {isa = PBXFileReference; lastKnownFileType = sourcecode.swift; path = sparkles.swift; sourceTree = "<group>"; };
		B1B6E0792B20A9D40029188E /* Senarios Amira.swift */ = {isa = PBXFileReference; fileEncoding = 4; lastKnownFileType = sourcecode.swift; path = "Senarios Amira.swift"; sourceTree = "<group>"; };
		B1B6E07B2B20AA320029188E /* Task3.swift */ = {isa = PBXFileReference; fileEncoding = 4; lastKnownFileType = sourcecode.swift; path = Task3.swift; sourceTree = "<group>"; };
		B1B6E07D2B20AD860029188E /* MainPage.swift */ = {isa = PBXFileReference; fileEncoding = 4; lastKnownFileType = sourcecode.swift; path = MainPage.swift; sourceTree = "<group>"; };
		B1B6E07E2B20AD860029188E /* crosswordTask1.swift */ = {isa = PBXFileReference; fileEncoding = 4; lastKnownFileType = sourcecode.swift; path = crosswordTask1.swift; sourceTree = "<group>"; };
		B1B6E07F2B20AD860029188E /* scenarioPagesH.swift */ = {isa = PBXFileReference; fileEncoding = 4; lastKnownFileType = sourcecode.swift; path = scenarioPagesH.swift; sourceTree = "<group>"; };
		B1B6E0802B20AD860029188E /* startPage.swift */ = {isa = PBXFileReference; fileEncoding = 4; lastKnownFileType = sourcecode.swift; path = startPage.swift; sourceTree = "<group>"; };
		B1B6E0852B20BDF30029188E /* scenario1.swift */ = {isa = PBXFileReference; fileEncoding = 4; lastKnownFileType = sourcecode.swift; path = scenario1.swift; sourceTree = "<group>"; };
		B1B6E0862B20BDF30029188E /* task2.swift */ = {isa = PBXFileReference; fileEncoding = 4; lastKnownFileType = sourcecode.swift; path = task2.swift; sourceTree = "<group>"; };
		B1B6E0872B20BDF30029188E /* scenario2.swift */ = {isa = PBXFileReference; fileEncoding = 4; lastKnownFileType = sourcecode.swift; path = scenario2.swift; sourceTree = "<group>"; };
		B1B6E08B2B20CB4B0029188E /* mahas_senarios.swift */ = {isa = PBXFileReference; fileEncoding = 4; lastKnownFileType = sourcecode.swift; path = mahas_senarios.swift; sourceTree = "<group>"; };
		B1B6E08C2B20CB4C0029188E /* Qmaha.swift */ = {isa = PBXFileReference; fileEncoding = 4; lastKnownFileType = sourcecode.swift; path = Qmaha.swift; sourceTree = "<group>"; };
		B1B6E0A32B20F1C90029188E /* crosswordStruct.swift */ = {isa = PBXFileReference; fileEncoding = 4; lastKnownFileType = sourcecode.swift; path = crosswordStruct.swift; sourceTree = "<group>"; };
		B1B6E0A42B20F1C90029188E /* frameStruct.swift */ = {isa = PBXFileReference; fileEncoding = 4; lastKnownFileType = sourcecode.swift; path = frameStruct.swift; sourceTree = "<group>"; };
		B1B6E0A52B20F1C90029188E /* customButton.swift */ = {isa = PBXFileReference; fileEncoding = 4; lastKnownFileType = sourcecode.swift; path = customButton.swift; sourceTree = "<group>"; };
		B1B6E0A62B20F1C90029188E /* taskTraceStruct.swift */ = {isa = PBXFileReference; fileEncoding = 4; lastKnownFileType = sourcecode.swift; path = taskTraceStruct.swift; sourceTree = "<group>"; };
		B1B6E0A72B20F1CA0029188E /* winframeStruct.swift */ = {isa = PBXFileReference; fileEncoding = 4; lastKnownFileType = sourcecode.swift; path = winframeStruct.swift; sourceTree = "<group>"; };
		B1B6E0A82B20F1CA0029188E /* customAlert.swift */ = {isa = PBXFileReference; fileEncoding = 4; lastKnownFileType = sourcecode.swift; path = customAlert.swift; sourceTree = "<group>"; };
		B1B6E0A92B20F1CA0029188E /* continuePage.swift */ = {isa = PBXFileReference; fileEncoding = 4; lastKnownFileType = sourcecode.swift; name = continuePage.swift; path = ../sstructs/continuePage.swift; sourceTree = "<group>"; };
		B1B6E0B12B20F1EB0029188E /* traceView.swift */ = {isa = PBXFileReference; fileEncoding = 4; lastKnownFileType = sourcecode.swift; name = traceView.swift; path = ../../../Downloads/traceView.swift; sourceTree = "<group>"; };
		B1B6E0B32B20F2000029188E /* binaryConversion.swift */ = {isa = PBXFileReference; fileEncoding = 4; lastKnownFileType = sourcecode.swift; name = binaryConversion.swift; path = ../../../Downloads/binaryConversion.swift; sourceTree = "<group>"; };
		B1B6E0B52B20F7170029188E /* task4q.swift */ = {isa = PBXFileReference; fileEncoding = 4; lastKnownFileType = sourcecode.swift; path = task4q.swift; sourceTree = "<group>"; };
		B1B6E0B72B20F94D0029188E /* AnonymousPro-Bold.ttf */ = {isa = PBXFileReference; lastKnownFileType = file; path = "AnonymousPro-Bold.ttf"; sourceTree = "<group>"; };
/* End PBXFileReference section */

/* Begin PBXFrameworksBuildPhase section */
		247DDE932B0E3B0500BDDCEC /* Frameworks */ = {
			isa = PBXFrameworksBuildPhase;
			buildActionMask = 2147483647;
			files = (
				24E9DCAF2B119E93005E6D56 /* FLAnimatedImage in Frameworks */,
			);
			runOnlyForDeploymentPostprocessing = 0;
		};
		247DDEA32B0E3B0600BDDCEC /* Frameworks */ = {
			isa = PBXFrameworksBuildPhase;
			buildActionMask = 2147483647;
			files = (
				24E9DCB12B119EB3005E6D56 /* FLAnimatedImage in Frameworks */,
			);
			runOnlyForDeploymentPostprocessing = 0;
		};
		247DDEAD2B0E3B0600BDDCEC /* Frameworks */ = {
			isa = PBXFrameworksBuildPhase;
			buildActionMask = 2147483647;
			files = (
				24E9DCB32B119EBF005E6D56 /* FLAnimatedImage in Frameworks */,
			);
			runOnlyForDeploymentPostprocessing = 0;
		};
/* End PBXFrameworksBuildPhase section */

/* Begin PBXGroup section */
		247DDE8D2B0E3B0500BDDCEC = {
			isa = PBXGroup;
			children = (
				24E9DCDE2B11C336005E6D56 /* sstructs */,
				24E9DCC42B11B106005E6D56 /* phoenix.gif */,
				24DA7A392B0F7D4700AB24EB /* SVGStructures */,
				24DA7A2F2B0EA55E00AB24EB /* Font */,
				247DDE982B0E3B0500BDDCEC /* Cipher Chase */,
				247DDEA92B0E3B0600BDDCEC /* Cipher ChaseTests */,
				247DDEB32B0E3B0600BDDCEC /* Cipher ChaseUITests */,
				247DDE972B0E3B0500BDDCEC /* Products */,
			);
			sourceTree = "<group>";
		};
		247DDE972B0E3B0500BDDCEC /* Products */ = {
			isa = PBXGroup;
			children = (
				247DDE962B0E3B0500BDDCEC /* Cipher Chase.app */,
				247DDEA62B0E3B0600BDDCEC /* Cipher ChaseTests.xctest */,
				247DDEB02B0E3B0600BDDCEC /* Cipher ChaseUITests.xctest */,
			);
			name = Products;
			sourceTree = "<group>";
		};
		247DDE982B0E3B0500BDDCEC /* Cipher Chase */ = {
			isa = PBXGroup;
			children = (
				24DA7A342B0EA6FF00AB24EB /* Cipher-Chase-Info.plist */,
				24E9DCD62B11B5D4005E6D56 /* gifView.swift */,
				247DDE9B2B0E3B0500BDDCEC /* SplashScreen.swift */,
				B1B6E07D2B20AD860029188E /* MainPage.swift */,
				B1B6E0802B20AD860029188E /* startPage.swift */,
				B1B6E07F2B20AD860029188E /* scenarioPagesH.swift */,
				B1B6E07E2B20AD860029188E /* crosswordTask1.swift */,
				B1B6E0852B20BDF30029188E /* scenario1.swift */,
				B1B6E0862B20BDF30029188E /* task2.swift */,
				B1B6E0872B20BDF30029188E /* scenario2.swift */,
				B1B6E07B2B20AA320029188E /* Task3.swift */,
				B1B6E0792B20A9D40029188E /* Senarios Amira.swift */,
				B1B6E0B32B20F2000029188E /* binaryConversion.swift */,
				B1B6E0A92B20F1CA0029188E /* continuePage.swift */,
				B1B6E0B12B20F1EB0029188E /* traceView.swift */,
				B1B6E0B52B20F7170029188E /* task4q.swift */,
				B1B6E08C2B20CB4C0029188E /* Qmaha.swift */,
				B1B6E08B2B20CB4B0029188E /* mahas_senarios.swift */,
				24DA7A3A2B0F85A800AB24EB /* scenarioPageTask5.swift */,
				24E9DCA92B114F84005E6D56 /* winTask5.swift */,
				24A4C3FF2B123727006701A7 /* endScenario.swift */,
				247DDE992B0E3B0500BDDCEC /* Cipher_ChaseApp.swift */,
				247DDE9D2B0E3B0600BDDCEC /* Assets.xcassets */,
				247DDE9F2B0E3B0600BDDCEC /* Preview Content */,
			);
			path = "Cipher Chase";
			sourceTree = "<group>";
		};
		247DDE9F2B0E3B0600BDDCEC /* Preview Content */ = {
			isa = PBXGroup;
			children = (
				247DDEA02B0E3B0600BDDCEC /* Preview Assets.xcassets */,
			);
			path = "Preview Content";
			sourceTree = "<group>";
		};
		247DDEA92B0E3B0600BDDCEC /* Cipher ChaseTests */ = {
			isa = PBXGroup;
			children = (
				247DDEAA2B0E3B0600BDDCEC /* Cipher_ChaseTests.swift */,
			);
			path = "Cipher ChaseTests";
			sourceTree = "<group>";
		};
		247DDEB32B0E3B0600BDDCEC /* Cipher ChaseUITests */ = {
			isa = PBXGroup;
			children = (
				247DDEB42B0E3B0600BDDCEC /* Cipher_ChaseUITests.swift */,
				247DDEB62B0E3B0600BDDCEC /* Cipher_ChaseUITestsLaunchTests.swift */,
			);
			path = "Cipher ChaseUITests";
			sourceTree = "<group>";
		};
		24DA7A2F2B0EA55E00AB24EB /* Font */ = {
			isa = PBXGroup;
			children = (
				B1B6E0B72B20F94D0029188E /* AnonymousPro-Bold.ttf */,
				24DA7A972B10D8FF00AB24EB /* PixelifySans-Regular.ttf */,
				24DA7A8F2B10C53800AB24EB /* AnonymousPro-Regular.ttf */,
				24DA7A302B0EA5B400AB24EB /* PixelifySans-Bold.ttf */,
			);
			path = Font;
			sourceTree = "<group>";
		};
		24DA7A392B0F7D4700AB24EB /* SVGStructures */ = {
			isa = PBXGroup;
			children = (
				24DA7A352B0F7CDF00AB24EB /* logoStruct.swift */,
				24E9DCDA2B11B87A005E6D56 /* sparkles.swift */,
			);
			path = SVGStructures;
			sourceTree = "<group>";
		};
		24E9DCDE2B11C336005E6D56 /* sstructs */ = {
			isa = PBXGroup;
			children = (
				B1B6E0A32B20F1C90029188E /* crosswordStruct.swift */,
				B1B6E0A82B20F1CA0029188E /* customAlert.swift */,
				B1B6E0A52B20F1C90029188E /* customButton.swift */,
				B1B6E0A42B20F1C90029188E /* frameStruct.swift */,
				B1B6E0A62B20F1C90029188E /* taskTraceStruct.swift */,
				B1B6E0A72B20F1CA0029188E /* winframeStruct.swift */,
			);
			path = sstructs;
			sourceTree = "<group>";
		};
/* End PBXGroup section */

/* Begin PBXNativeTarget section */
		247DDE952B0E3B0500BDDCEC /* Cipher Chase */ = {
			isa = PBXNativeTarget;
			buildConfigurationList = 247DDEBA2B0E3B0600BDDCEC /* Build configuration list for PBXNativeTarget "Cipher Chase" */;
			buildPhases = (
				247DDE922B0E3B0500BDDCEC /* Sources */,
				247DDE932B0E3B0500BDDCEC /* Frameworks */,
				247DDE942B0E3B0500BDDCEC /* Resources */,
			);
			buildRules = (
			);
			dependencies = (
			);
			name = "Cipher Chase";
			packageProductDependencies = (
				24E9DCAE2B119E93005E6D56 /* FLAnimatedImage */,
			);
			productName = "Cipher Chase";
			productReference = 247DDE962B0E3B0500BDDCEC /* Cipher Chase.app */;
			productType = "com.apple.product-type.application";
		};
		247DDEA52B0E3B0600BDDCEC /* Cipher ChaseTests */ = {
			isa = PBXNativeTarget;
			buildConfigurationList = 247DDEBD2B0E3B0600BDDCEC /* Build configuration list for PBXNativeTarget "Cipher ChaseTests" */;
			buildPhases = (
				247DDEA22B0E3B0600BDDCEC /* Sources */,
				247DDEA32B0E3B0600BDDCEC /* Frameworks */,
				247DDEA42B0E3B0600BDDCEC /* Resources */,
			);
			buildRules = (
			);
			dependencies = (
				247DDEA82B0E3B0600BDDCEC /* PBXTargetDependency */,
			);
			name = "Cipher ChaseTests";
			packageProductDependencies = (
				24E9DCB02B119EB3005E6D56 /* FLAnimatedImage */,
			);
			productName = "Cipher ChaseTests";
			productReference = 247DDEA62B0E3B0600BDDCEC /* Cipher ChaseTests.xctest */;
			productType = "com.apple.product-type.bundle.unit-test";
		};
		247DDEAF2B0E3B0600BDDCEC /* Cipher ChaseUITests */ = {
			isa = PBXNativeTarget;
			buildConfigurationList = 247DDEC02B0E3B0600BDDCEC /* Build configuration list for PBXNativeTarget "Cipher ChaseUITests" */;
			buildPhases = (
				247DDEAC2B0E3B0600BDDCEC /* Sources */,
				247DDEAD2B0E3B0600BDDCEC /* Frameworks */,
				247DDEAE2B0E3B0600BDDCEC /* Resources */,
			);
			buildRules = (
			);
			dependencies = (
				247DDEB22B0E3B0600BDDCEC /* PBXTargetDependency */,
			);
			name = "Cipher ChaseUITests";
			packageProductDependencies = (
				24E9DCB22B119EBF005E6D56 /* FLAnimatedImage */,
			);
			productName = "Cipher ChaseUITests";
			productReference = 247DDEB02B0E3B0600BDDCEC /* Cipher ChaseUITests.xctest */;
			productType = "com.apple.product-type.bundle.ui-testing";
		};
/* End PBXNativeTarget section */

/* Begin PBXProject section */
		247DDE8E2B0E3B0500BDDCEC /* Project object */ = {
			isa = PBXProject;
			attributes = {
				BuildIndependentTargetsInParallel = 1;
				LastSwiftUpdateCheck = 1500;
				LastUpgradeCheck = 1500;
				TargetAttributes = {
					247DDE952B0E3B0500BDDCEC = {
						CreatedOnToolsVersion = 15.0.1;
						LastSwiftMigration = 1500;
					};
					247DDEA52B0E3B0600BDDCEC = {
						CreatedOnToolsVersion = 15.0.1;
						LastSwiftMigration = 1500;
						TestTargetID = 247DDE952B0E3B0500BDDCEC;
					};
					247DDEAF2B0E3B0600BDDCEC = {
						CreatedOnToolsVersion = 15.0.1;
						LastSwiftMigration = 1500;
						TestTargetID = 247DDE952B0E3B0500BDDCEC;
					};
				};
			};
			buildConfigurationList = 247DDE912B0E3B0500BDDCEC /* Build configuration list for PBXProject "Cipher Chase" */;
			compatibilityVersion = "Xcode 14.0";
			developmentRegion = en;
			hasScannedForEncodings = 0;
			knownRegions = (
				en,
				Base,
			);
			mainGroup = 247DDE8D2B0E3B0500BDDCEC;
			packageReferences = (
				24E9DCAD2B119E93005E6D56 /* XCRemoteSwiftPackageReference "FLAnimatedImage" */,
			);
			productRefGroup = 247DDE972B0E3B0500BDDCEC /* Products */;
			projectDirPath = "";
			projectRoot = "";
			targets = (
				247DDE952B0E3B0500BDDCEC /* Cipher Chase */,
				247DDEA52B0E3B0600BDDCEC /* Cipher ChaseTests */,
				247DDEAF2B0E3B0600BDDCEC /* Cipher ChaseUITests */,
			);
		};
/* End PBXProject section */

/* Begin PBXResourcesBuildPhase section */
		247DDE942B0E3B0500BDDCEC /* Resources */ = {
			isa = PBXResourcesBuildPhase;
			buildActionMask = 2147483647;
			files = (
				247DDEA12B0E3B0600BDDCEC /* Preview Assets.xcassets in Resources */,
				24DA7A982B10D8FF00AB24EB /* PixelifySans-Regular.ttf in Resources */,
				24E9DCC52B11B106005E6D56 /* phoenix.gif in Resources */,
				24DA7A902B10C53800AB24EB /* AnonymousPro-Regular.ttf in Resources */,
				24DA7A312B0EA5B400AB24EB /* PixelifySans-Bold.ttf in Resources */,
				247DDE9E2B0E3B0600BDDCEC /* Assets.xcassets in Resources */,
				B1B6E0B82B20F94D0029188E /* AnonymousPro-Bold.ttf in Resources */,
			);
			runOnlyForDeploymentPostprocessing = 0;
		};
		247DDEA42B0E3B0600BDDCEC /* Resources */ = {
			isa = PBXResourcesBuildPhase;
			buildActionMask = 2147483647;
			files = (
				24DA7A322B0EA5B400AB24EB /* PixelifySans-Bold.ttf in Resources */,
				24DA7A992B10D8FF00AB24EB /* PixelifySans-Regular.ttf in Resources */,
				24E9DCC62B11B106005E6D56 /* phoenix.gif in Resources */,
				24DA7A912B10C53800AB24EB /* AnonymousPro-Regular.ttf in Resources */,
			);
			runOnlyForDeploymentPostprocessing = 0;
		};
		247DDEAE2B0E3B0600BDDCEC /* Resources */ = {
			isa = PBXResourcesBuildPhase;
			buildActionMask = 2147483647;
			files = (
				24DA7A332B0EA5B400AB24EB /* PixelifySans-Bold.ttf in Resources */,
				24DA7A9A2B10D8FF00AB24EB /* PixelifySans-Regular.ttf in Resources */,
				24E9DCC72B11B106005E6D56 /* phoenix.gif in Resources */,
				24DA7A922B10C53800AB24EB /* AnonymousPro-Regular.ttf in Resources */,
			);
			runOnlyForDeploymentPostprocessing = 0;
		};
/* End PBXResourcesBuildPhase section */

/* Begin PBXSourcesBuildPhase section */
		247DDE922B0E3B0500BDDCEC /* Sources */ = {
			isa = PBXSourcesBuildPhase;
			buildActionMask = 2147483647;
			files = (
				B1B6E07C2B20AA320029188E /* Task3.swift in Sources */,
				24DA7A362B0F7CDF00AB24EB /* logoStruct.swift in Sources */,
				B1B6E08A2B20BDF30029188E /* scenario2.swift in Sources */,
				B1B6E0AA2B20F1CA0029188E /* crosswordStruct.swift in Sources */,
				247DDE9C2B0E3B0500BDDCEC /* SplashScreen.swift in Sources */,
				B1B6E0B62B20F7170029188E /* task4q.swift in Sources */,
				B1B6E0B02B20F1CA0029188E /* continuePage.swift in Sources */,
				B1B6E0842B20AD860029188E /* startPage.swift in Sources */,
				B1B6E0812B20AD860029188E /* MainPage.swift in Sources */,
				B1B6E08E2B20CB4C0029188E /* mahas_senarios.swift in Sources */,
				24E9DCD72B11B5D4005E6D56 /* gifView.swift in Sources */,
				247DDE9A2B0E3B0500BDDCEC /* Cipher_ChaseApp.swift in Sources */,
				B1B6E0AC2B20F1CA0029188E /* customButton.swift in Sources */,
				24DA7A3B2B0F85A800AB24EB /* scenarioPageTask5.swift in Sources */,
				24E9DCDB2B11B87A005E6D56 /* sparkles.swift in Sources */,
				B1B6E07A2B20A9D40029188E /* Senarios Amira.swift in Sources */,
				B1B6E0AB2B20F1CA0029188E /* frameStruct.swift in Sources */,
				B1B6E0AE2B20F1CA0029188E /* winframeStruct.swift in Sources */,
				B1B6E08F2B20CB4C0029188E /* Qmaha.swift in Sources */,
				24A4C4002B123727006701A7 /* endScenario.swift in Sources */,
				B1B6E0892B20BDF30029188E /* task2.swift in Sources */,
				B1B6E0B22B20F1EB0029188E /* traceView.swift in Sources */,
				24E9DCAA2B114F84005E6D56 /* winTask5.swift in Sources */,
				B1B6E0AF2B20F1CA0029188E /* customAlert.swift in Sources */,
				B1B6E0882B20BDF30029188E /* scenario1.swift in Sources */,
				B1B6E0832B20AD860029188E /* scenarioPagesH.swift in Sources */,
				B1B6E0B42B20F2000029188E /* binaryConversion.swift in Sources */,
				B1B6E0AD2B20F1CA0029188E /* taskTraceStruct.swift in Sources */,
				B1B6E0822B20AD860029188E /* crosswordTask1.swift in Sources */,
			);
			runOnlyForDeploymentPostprocessing = 0;
		};
		247DDEA22B0E3B0600BDDCEC /* Sources */ = {
			isa = PBXSourcesBuildPhase;
			buildActionMask = 2147483647;
			files = (
				247DDEAB2B0E3B0600BDDCEC /* Cipher_ChaseTests.swift in Sources */,
				24DA7A372B0F7CDF00AB24EB /* logoStruct.swift in Sources */,
				24E9DCDC2B11B87A005E6D56 /* sparkles.swift in Sources */,
			);
			runOnlyForDeploymentPostprocessing = 0;
		};
		247DDEAC2B0E3B0600BDDCEC /* Sources */ = {
			isa = PBXSourcesBuildPhase;
			buildActionMask = 2147483647;
			files = (
				24E9DCDD2B11B87A005E6D56 /* sparkles.swift in Sources */,
				24DA7A382B0F7CDF00AB24EB /* logoStruct.swift in Sources */,
				247DDEB72B0E3B0600BDDCEC /* Cipher_ChaseUITestsLaunchTests.swift in Sources */,
				247DDEB52B0E3B0600BDDCEC /* Cipher_ChaseUITests.swift in Sources */,
			);
			runOnlyForDeploymentPostprocessing = 0;
		};
/* End PBXSourcesBuildPhase section */

/* Begin PBXTargetDependency section */
		247DDEA82B0E3B0600BDDCEC /* PBXTargetDependency */ = {
			isa = PBXTargetDependency;
			target = 247DDE952B0E3B0500BDDCEC /* Cipher Chase */;
			targetProxy = 247DDEA72B0E3B0600BDDCEC /* PBXContainerItemProxy */;
		};
		247DDEB22B0E3B0600BDDCEC /* PBXTargetDependency */ = {
			isa = PBXTargetDependency;
			target = 247DDE952B0E3B0500BDDCEC /* Cipher Chase */;
			targetProxy = 247DDEB12B0E3B0600BDDCEC /* PBXContainerItemProxy */;
		};
/* End PBXTargetDependency section */

/* Begin XCBuildConfiguration section */
		247DDEB82B0E3B0600BDDCEC /* Debug */ = {
			isa = XCBuildConfiguration;
			buildSettings = {
				ALWAYS_SEARCH_USER_PATHS = NO;
				ASSETCATALOG_COMPILER_GENERATE_SWIFT_ASSET_SYMBOL_EXTENSIONS = YES;
				CLANG_ANALYZER_NONNULL = YES;
				CLANG_ANALYZER_NUMBER_OBJECT_CONVERSION = YES_AGGRESSIVE;
				CLANG_CXX_LANGUAGE_STANDARD = "gnu++20";
				CLANG_ENABLE_MODULES = YES;
				CLANG_ENABLE_OBJC_ARC = YES;
				CLANG_ENABLE_OBJC_WEAK = YES;
				CLANG_WARN_BLOCK_CAPTURE_AUTORELEASING = YES;
				CLANG_WARN_BOOL_CONVERSION = YES;
				CLANG_WARN_COMMA = YES;
				CLANG_WARN_CONSTANT_CONVERSION = YES;
				CLANG_WARN_DEPRECATED_OBJC_IMPLEMENTATIONS = YES;
				CLANG_WARN_DIRECT_OBJC_ISA_USAGE = YES_ERROR;
				CLANG_WARN_DOCUMENTATION_COMMENTS = YES;
				CLANG_WARN_EMPTY_BODY = YES;
				CLANG_WARN_ENUM_CONVERSION = YES;
				CLANG_WARN_INFINITE_RECURSION = YES;
				CLANG_WARN_INT_CONVERSION = YES;
				CLANG_WARN_NON_LITERAL_NULL_CONVERSION = YES;
				CLANG_WARN_OBJC_IMPLICIT_RETAIN_SELF = YES;
				CLANG_WARN_OBJC_LITERAL_CONVERSION = YES;
				CLANG_WARN_OBJC_ROOT_CLASS = YES_ERROR;
				CLANG_WARN_QUOTED_INCLUDE_IN_FRAMEWORK_HEADER = YES;
				CLANG_WARN_RANGE_LOOP_ANALYSIS = YES;
				CLANG_WARN_STRICT_PROTOTYPES = YES;
				CLANG_WARN_SUSPICIOUS_MOVE = YES;
				CLANG_WARN_UNGUARDED_AVAILABILITY = YES_AGGRESSIVE;
				CLANG_WARN_UNREACHABLE_CODE = YES;
				CLANG_WARN__DUPLICATE_METHOD_MATCH = YES;
				COPY_PHASE_STRIP = NO;
				DEBUG_INFORMATION_FORMAT = dwarf;
				ENABLE_STRICT_OBJC_MSGSEND = YES;
				ENABLE_TESTABILITY = YES;
				ENABLE_USER_SCRIPT_SANDBOXING = YES;
				GCC_C_LANGUAGE_STANDARD = gnu17;
				GCC_DYNAMIC_NO_PIC = NO;
				GCC_NO_COMMON_BLOCKS = YES;
				GCC_OPTIMIZATION_LEVEL = 0;
				GCC_PREPROCESSOR_DEFINITIONS = (
					"DEBUG=1",
					"$(inherited)",
				);
				GCC_WARN_64_TO_32_BIT_CONVERSION = YES;
				GCC_WARN_ABOUT_RETURN_TYPE = YES_ERROR;
				GCC_WARN_UNDECLARED_SELECTOR = YES;
				GCC_WARN_UNINITIALIZED_AUTOS = YES_AGGRESSIVE;
				GCC_WARN_UNUSED_FUNCTION = YES;
				GCC_WARN_UNUSED_VARIABLE = YES;
				IPHONEOS_DEPLOYMENT_TARGET = 17.0;
				LOCALIZATION_PREFERS_STRING_CATALOGS = YES;
				MTL_ENABLE_DEBUG_INFO = INCLUDE_SOURCE;
				MTL_FAST_MATH = YES;
				ONLY_ACTIVE_ARCH = YES;
				SDKROOT = iphoneos;
				SWIFT_ACTIVE_COMPILATION_CONDITIONS = "DEBUG $(inherited)";
				SWIFT_OPTIMIZATION_LEVEL = "-Onone";
			};
			name = Debug;
		};
		247DDEB92B0E3B0600BDDCEC /* Release */ = {
			isa = XCBuildConfiguration;
			buildSettings = {
				ALWAYS_SEARCH_USER_PATHS = NO;
				ASSETCATALOG_COMPILER_GENERATE_SWIFT_ASSET_SYMBOL_EXTENSIONS = YES;
				CLANG_ANALYZER_NONNULL = YES;
				CLANG_ANALYZER_NUMBER_OBJECT_CONVERSION = YES_AGGRESSIVE;
				CLANG_CXX_LANGUAGE_STANDARD = "gnu++20";
				CLANG_ENABLE_MODULES = YES;
				CLANG_ENABLE_OBJC_ARC = YES;
				CLANG_ENABLE_OBJC_WEAK = YES;
				CLANG_WARN_BLOCK_CAPTURE_AUTORELEASING = YES;
				CLANG_WARN_BOOL_CONVERSION = YES;
				CLANG_WARN_COMMA = YES;
				CLANG_WARN_CONSTANT_CONVERSION = YES;
				CLANG_WARN_DEPRECATED_OBJC_IMPLEMENTATIONS = YES;
				CLANG_WARN_DIRECT_OBJC_ISA_USAGE = YES_ERROR;
				CLANG_WARN_DOCUMENTATION_COMMENTS = YES;
				CLANG_WARN_EMPTY_BODY = YES;
				CLANG_WARN_ENUM_CONVERSION = YES;
				CLANG_WARN_INFINITE_RECURSION = YES;
				CLANG_WARN_INT_CONVERSION = YES;
				CLANG_WARN_NON_LITERAL_NULL_CONVERSION = YES;
				CLANG_WARN_OBJC_IMPLICIT_RETAIN_SELF = YES;
				CLANG_WARN_OBJC_LITERAL_CONVERSION = YES;
				CLANG_WARN_OBJC_ROOT_CLASS = YES_ERROR;
				CLANG_WARN_QUOTED_INCLUDE_IN_FRAMEWORK_HEADER = YES;
				CLANG_WARN_RANGE_LOOP_ANALYSIS = YES;
				CLANG_WARN_STRICT_PROTOTYPES = YES;
				CLANG_WARN_SUSPICIOUS_MOVE = YES;
				CLANG_WARN_UNGUARDED_AVAILABILITY = YES_AGGRESSIVE;
				CLANG_WARN_UNREACHABLE_CODE = YES;
				CLANG_WARN__DUPLICATE_METHOD_MATCH = YES;
				COPY_PHASE_STRIP = NO;
				DEBUG_INFORMATION_FORMAT = "dwarf-with-dsym";
				ENABLE_NS_ASSERTIONS = NO;
				ENABLE_STRICT_OBJC_MSGSEND = YES;
				ENABLE_USER_SCRIPT_SANDBOXING = YES;
				GCC_C_LANGUAGE_STANDARD = gnu17;
				GCC_NO_COMMON_BLOCKS = YES;
				GCC_WARN_64_TO_32_BIT_CONVERSION = YES;
				GCC_WARN_ABOUT_RETURN_TYPE = YES_ERROR;
				GCC_WARN_UNDECLARED_SELECTOR = YES;
				GCC_WARN_UNINITIALIZED_AUTOS = YES_AGGRESSIVE;
				GCC_WARN_UNUSED_FUNCTION = YES;
				GCC_WARN_UNUSED_VARIABLE = YES;
				IPHONEOS_DEPLOYMENT_TARGET = 17.0;
				LOCALIZATION_PREFERS_STRING_CATALOGS = YES;
				MTL_ENABLE_DEBUG_INFO = NO;
				MTL_FAST_MATH = YES;
				SDKROOT = iphoneos;
				SWIFT_COMPILATION_MODE = wholemodule;
				VALIDATE_PRODUCT = YES;
			};
			name = Release;
		};
		247DDEBB2B0E3B0600BDDCEC /* Debug */ = {
			isa = XCBuildConfiguration;
			buildSettings = {
				ASSETCATALOG_COMPILER_APPICON_NAME = AppIcon;
				ASSETCATALOG_COMPILER_GLOBAL_ACCENT_COLOR_NAME = AccentColor;
				CLANG_ENABLE_MODULES = YES;
				CODE_SIGN_STYLE = Automatic;
				CURRENT_PROJECT_VERSION = 1;
				DEVELOPMENT_ASSET_PATHS = "\"Cipher Chase/Preview Content\"";
				DEVELOPMENT_TEAM = 39WLZF4HUU;
				ENABLE_PREVIEWS = YES;
				GENERATE_INFOPLIST_FILE = YES;
				INFOPLIST_FILE = "Cipher-Chase-Info.plist";
				INFOPLIST_KEY_UIApplicationSceneManifest_Generation = YES;
				INFOPLIST_KEY_UIApplicationSupportsIndirectInputEvents = YES;
				INFOPLIST_KEY_UILaunchScreen_Generation = YES;
				INFOPLIST_KEY_UILaunchStoryboardName = SplashScreen.swift;
				INFOPLIST_KEY_UIStatusBarHidden = YES;
				INFOPLIST_KEY_UISupportedInterfaceOrientations = UIInterfaceOrientationPortrait;
				LD_RUNPATH_SEARCH_PATHS = (
					"$(inherited)",
					"@executable_path/Frameworks",
				);
				MARKETING_VERSION = 1.0;
				PRODUCT_BUNDLE_IDENTIFIER = "com.lujainalaydie.Cipher-Chase";
				PRODUCT_NAME = "$(TARGET_NAME)";
				SUPPORTED_PLATFORMS = "iphoneos iphonesimulator";
				SUPPORTS_MACCATALYST = NO;
				SUPPORTS_MAC_DESIGNED_FOR_IPHONE_IPAD = NO;
				SWIFT_EMIT_LOC_STRINGS = YES;
				SWIFT_OBJC_BRIDGING_HEADER = "";
				SWIFT_OPTIMIZATION_LEVEL = "-Onone";
				SWIFT_VERSION = 5.0;
				TARGETED_DEVICE_FAMILY = 1;
			};
			name = Debug;
		};
		247DDEBC2B0E3B0600BDDCEC /* Release */ = {
			isa = XCBuildConfiguration;
			buildSettings = {
				ASSETCATALOG_COMPILER_APPICON_NAME = AppIcon;
				ASSETCATALOG_COMPILER_GLOBAL_ACCENT_COLOR_NAME = AccentColor;
				CLANG_ENABLE_MODULES = YES;
				CODE_SIGN_STYLE = Automatic;
				CURRENT_PROJECT_VERSION = 1;
				DEVELOPMENT_ASSET_PATHS = "\"Cipher Chase/Preview Content\"";
				DEVELOPMENT_TEAM = 39WLZF4HUU;
				ENABLE_PREVIEWS = YES;
				GENERATE_INFOPLIST_FILE = YES;
				INFOPLIST_FILE = "Cipher-Chase-Info.plist";
				INFOPLIST_KEY_UIApplicationSceneManifest_Generation = YES;
				INFOPLIST_KEY_UIApplicationSupportsIndirectInputEvents = YES;
				INFOPLIST_KEY_UILaunchScreen_Generation = YES;
				INFOPLIST_KEY_UILaunchStoryboardName = SplashScreen.swift;
				INFOPLIST_KEY_UIStatusBarHidden = YES;
				INFOPLIST_KEY_UISupportedInterfaceOrientations = UIInterfaceOrientationPortrait;
				LD_RUNPATH_SEARCH_PATHS = (
					"$(inherited)",
					"@executable_path/Frameworks",
				);
				MARKETING_VERSION = 1.0;
				PRODUCT_BUNDLE_IDENTIFIER = "com.lujainalaydie.Cipher-Chase";
				PRODUCT_NAME = "$(TARGET_NAME)";
				SUPPORTED_PLATFORMS = "iphoneos iphonesimulator";
				SUPPORTS_MACCATALYST = NO;
				SUPPORTS_MAC_DESIGNED_FOR_IPHONE_IPAD = NO;
				SWIFT_EMIT_LOC_STRINGS = YES;
				SWIFT_OBJC_BRIDGING_HEADER = "";
				SWIFT_VERSION = 5.0;
				TARGETED_DEVICE_FAMILY = 1;
			};
			name = Release;
		};
		247DDEBE2B0E3B0600BDDCEC /* Debug */ = {
			isa = XCBuildConfiguration;
			buildSettings = {
				ALWAYS_EMBED_SWIFT_STANDARD_LIBRARIES = YES;
				BUNDLE_LOADER = "$(TEST_HOST)";
				CLANG_ENABLE_MODULES = YES;
				CODE_SIGN_STYLE = Automatic;
				CURRENT_PROJECT_VERSION = 1;
				DEVELOPMENT_TEAM = 39WLZF4HUU;
				GENERATE_INFOPLIST_FILE = YES;
				IPHONEOS_DEPLOYMENT_TARGET = 17.0;
				MARKETING_VERSION = 1.0;
				PRODUCT_BUNDLE_IDENTIFIER = "com.lujainalaydie.Cipher-ChaseTests";
				PRODUCT_NAME = "$(TARGET_NAME)";
				SUPPORTED_PLATFORMS = "iphoneos iphonesimulator";
				SUPPORTS_MACCATALYST = NO;
				SUPPORTS_MAC_DESIGNED_FOR_IPHONE_IPAD = NO;
				SWIFT_EMIT_LOC_STRINGS = NO;
				SWIFT_OPTIMIZATION_LEVEL = "-Onone";
				SWIFT_VERSION = 5.0;
				TARGETED_DEVICE_FAMILY = 1;
				TEST_HOST = "$(BUILT_PRODUCTS_DIR)/Cipher Chase.app/$(BUNDLE_EXECUTABLE_FOLDER_PATH)/Cipher Chase";
			};
			name = Debug;
		};
		247DDEBF2B0E3B0600BDDCEC /* Release */ = {
			isa = XCBuildConfiguration;
			buildSettings = {
				ALWAYS_EMBED_SWIFT_STANDARD_LIBRARIES = YES;
				BUNDLE_LOADER = "$(TEST_HOST)";
				CLANG_ENABLE_MODULES = YES;
				CODE_SIGN_STYLE = Automatic;
				CURRENT_PROJECT_VERSION = 1;
				DEVELOPMENT_TEAM = 39WLZF4HUU;
				GENERATE_INFOPLIST_FILE = YES;
				IPHONEOS_DEPLOYMENT_TARGET = 17.0;
				MARKETING_VERSION = 1.0;
				PRODUCT_BUNDLE_IDENTIFIER = "com.lujainalaydie.Cipher-ChaseTests";
				PRODUCT_NAME = "$(TARGET_NAME)";
				SUPPORTED_PLATFORMS = "iphoneos iphonesimulator";
				SUPPORTS_MACCATALYST = NO;
				SUPPORTS_MAC_DESIGNED_FOR_IPHONE_IPAD = NO;
				SWIFT_EMIT_LOC_STRINGS = NO;
				SWIFT_VERSION = 5.0;
				TARGETED_DEVICE_FAMILY = 1;
				TEST_HOST = "$(BUILT_PRODUCTS_DIR)/Cipher Chase.app/$(BUNDLE_EXECUTABLE_FOLDER_PATH)/Cipher Chase";
			};
			name = Release;
		};
		247DDEC12B0E3B0600BDDCEC /* Debug */ = {
			isa = XCBuildConfiguration;
			buildSettings = {
				ALWAYS_EMBED_SWIFT_STANDARD_LIBRARIES = YES;
				CLANG_ENABLE_MODULES = YES;
				CODE_SIGN_STYLE = Automatic;
				CURRENT_PROJECT_VERSION = 1;
				DEVELOPMENT_TEAM = 39WLZF4HUU;
				GENERATE_INFOPLIST_FILE = YES;
				MARKETING_VERSION = 1.0;
				PRODUCT_BUNDLE_IDENTIFIER = "com.lujainalaydie.Cipher-ChaseUITests";
				PRODUCT_NAME = "$(TARGET_NAME)";
				SUPPORTED_PLATFORMS = "iphoneos iphonesimulator";
				SUPPORTS_MACCATALYST = NO;
				SUPPORTS_MAC_DESIGNED_FOR_IPHONE_IPAD = NO;
				SWIFT_EMIT_LOC_STRINGS = NO;
				SWIFT_OPTIMIZATION_LEVEL = "-Onone";
				SWIFT_VERSION = 5.0;
				TARGETED_DEVICE_FAMILY = 1;
				TEST_TARGET_NAME = "Cipher Chase";
			};
			name = Debug;
		};
		247DDEC22B0E3B0600BDDCEC /* Release */ = {
			isa = XCBuildConfiguration;
			buildSettings = {
				ALWAYS_EMBED_SWIFT_STANDARD_LIBRARIES = YES;
				CLANG_ENABLE_MODULES = YES;
				CODE_SIGN_STYLE = Automatic;
				CURRENT_PROJECT_VERSION = 1;
				DEVELOPMENT_TEAM = 39WLZF4HUU;
				GENERATE_INFOPLIST_FILE = YES;
				MARKETING_VERSION = 1.0;
				PRODUCT_BUNDLE_IDENTIFIER = "com.lujainalaydie.Cipher-ChaseUITests";
				PRODUCT_NAME = "$(TARGET_NAME)";
				SUPPORTED_PLATFORMS = "iphoneos iphonesimulator";
				SUPPORTS_MACCATALYST = NO;
				SUPPORTS_MAC_DESIGNED_FOR_IPHONE_IPAD = NO;
				SWIFT_EMIT_LOC_STRINGS = NO;
				SWIFT_VERSION = 5.0;
				TARGETED_DEVICE_FAMILY = 1;
				TEST_TARGET_NAME = "Cipher Chase";
			};
			name = Release;
		};
/* End XCBuildConfiguration section */

/* Begin XCConfigurationList section */
		247DDE912B0E3B0500BDDCEC /* Build configuration list for PBXProject "Cipher Chase" */ = {
			isa = XCConfigurationList;
			buildConfigurations = (
				247DDEB82B0E3B0600BDDCEC /* Debug */,
				247DDEB92B0E3B0600BDDCEC /* Release */,
			);
			defaultConfigurationIsVisible = 0;
			defaultConfigurationName = Release;
		};
		247DDEBA2B0E3B0600BDDCEC /* Build configuration list for PBXNativeTarget "Cipher Chase" */ = {
			isa = XCConfigurationList;
			buildConfigurations = (
				247DDEBB2B0E3B0600BDDCEC /* Debug */,
				247DDEBC2B0E3B0600BDDCEC /* Release */,
			);
			defaultConfigurationIsVisible = 0;
			defaultConfigurationName = Release;
		};
		247DDEBD2B0E3B0600BDDCEC /* Build configuration list for PBXNativeTarget "Cipher ChaseTests" */ = {
			isa = XCConfigurationList;
			buildConfigurations = (
				247DDEBE2B0E3B0600BDDCEC /* Debug */,
				247DDEBF2B0E3B0600BDDCEC /* Release */,
			);
			defaultConfigurationIsVisible = 0;
			defaultConfigurationName = Release;
		};
		247DDEC02B0E3B0600BDDCEC /* Build configuration list for PBXNativeTarget "Cipher ChaseUITests" */ = {
			isa = XCConfigurationList;
			buildConfigurations = (
				247DDEC12B0E3B0600BDDCEC /* Debug */,
				247DDEC22B0E3B0600BDDCEC /* Release */,
			);
			defaultConfigurationIsVisible = 0;
			defaultConfigurationName = Release;
		};
/* End XCConfigurationList section */

/* Begin XCRemoteSwiftPackageReference section */
		24E9DCAD2B119E93005E6D56 /* XCRemoteSwiftPackageReference "FLAnimatedImage" */ = {
			isa = XCRemoteSwiftPackageReference;
			repositoryURL = "https://github.com/Flipboard/FLAnimatedImage";
			requirement = {
				kind = upToNextMajorVersion;
				minimumVersion = 1.0.17;
			};
		};
/* End XCRemoteSwiftPackageReference section */

/* Begin XCSwiftPackageProductDependency section */
		24E9DCAE2B119E93005E6D56 /* FLAnimatedImage */ = {
			isa = XCSwiftPackageProductDependency;
			package = 24E9DCAD2B119E93005E6D56 /* XCRemoteSwiftPackageReference "FLAnimatedImage" */;
			productName = FLAnimatedImage;
		};
		24E9DCB02B119EB3005E6D56 /* FLAnimatedImage */ = {
			isa = XCSwiftPackageProductDependency;
			package = 24E9DCAD2B119E93005E6D56 /* XCRemoteSwiftPackageReference "FLAnimatedImage" */;
			productName = FLAnimatedImage;
		};
		24E9DCB22B119EBF005E6D56 /* FLAnimatedImage */ = {
			isa = XCSwiftPackageProductDependency;
			package = 24E9DCAD2B119E93005E6D56 /* XCRemoteSwiftPackageReference "FLAnimatedImage" */;
			productName = FLAnimatedImage;
		};
/* End XCSwiftPackageProductDependency section */
	};
	rootObject = 247DDE8E2B0E3B0500BDDCEC /* Project object */;
}
